// !$*UTF8*$!
{
	archiveVersion = 1;
	classes = {
	};
	objectVersion = 46;
	objects = {

/* Begin PBXBuildFile section */
		1DB923141C42FBBB00F3EC39 /* AppDelegate.swift in Sources */ = {isa = PBXBuildFile; fileRef = 1DB923131C42FBBB00F3EC39 /* AppDelegate.swift */; };
		1DB923161C42FBBB00F3EC39 /* ViewController.swift in Sources */ = {isa = PBXBuildFile; fileRef = 1DB923151C42FBBB00F3EC39 /* ViewController.swift */; };
		1DB923181C42FBBB00F3EC39 /* Assets.xcassets in Resources */ = {isa = PBXBuildFile; fileRef = 1DB923171C42FBBB00F3EC39 /* Assets.xcassets */; };
		1DB9231B1C42FBBB00F3EC39 /* Main.storyboard in Resources */ = {isa = PBXBuildFile; fileRef = 1DB923191C42FBBB00F3EC39 /* Main.storyboard */; };
/* End PBXBuildFile section */

/* Begin PBXFileReference section */
		1DB923101C42FBBB00F3EC39 /* iBrainFuck.app */ = {isa = PBXFileReference; explicitFileType = wrapper.application; includeInIndex = 0; path = iBrainFuck.app; sourceTree = BUILT_PRODUCTS_DIR; };
		1DB923131C42FBBB00F3EC39 /* AppDelegate.swift */ = {isa = PBXFileReference; lastKnownFileType = sourcecode.swift; path = AppDelegate.swift; sourceTree = "<group>"; };
		1DB923151C42FBBB00F3EC39 /* ViewController.swift */ = {isa = PBXFileReference; lastKnownFileType = sourcecode.swift; path = ViewController.swift; sourceTree = "<group>"; };
		1DB923171C42FBBB00F3EC39 /* Assets.xcassets */ = {isa = PBXFileReference; lastKnownFileType = folder.assetcatalog; path = Assets.xcassets; sourceTree = "<group>"; };
		1DB9231A1C42FBBB00F3EC39 /* Base */ = {isa = PBXFileReference; lastKnownFileType = file.storyboard; name = Base; path = Base.lproj/Main.storyboard; sourceTree = "<group>"; };
		1DB9231C1C42FBBB00F3EC39 /* Info.plist */ = {isa = PBXFileReference; lastKnownFileType = text.plist.xml; path = Info.plist; sourceTree = "<group>"; };
/* End PBXFileReference section */

/* Begin PBXFrameworksBuildPhase section */
		1DB9230D1C42FBBB00F3EC39 /* Frameworks */ = {
			isa = PBXFrameworksBuildPhase;
			buildActionMask = 2147483647;
			files = (
			);
			runOnlyForDeploymentPostprocessing = 0;
		};
/* End PBXFrameworksBuildPhase section */

/* Begin PBXGroup section */
		1DB923071C42FBBB00F3EC39 = {
			isa = PBXGroup;
			children = (
				1DB923121C42FBBB00F3EC39 /* iBrainFuck */,
				1DB923111C42FBBB00F3EC39 /* Products */,
			);
			sourceTree = "<group>";
		};
		1DB923111C42FBBB00F3EC39 /* Products */ = {
			isa = PBXGroup;
			children = (
				1DB923101C42FBBB00F3EC39 /* iBrainFuck.app */,
			);
			name = Products;
			sourceTree = "<group>";
		};
		1DB923121C42FBBB00F3EC39 /* iBrainFuck */ = {
			isa = PBXGroup;
			children = (
				1DB923131C42FBBB00F3EC39 /* AppDelegate.swift */,
				1DB923151C42FBBB00F3EC39 /* ViewController.swift */,
				1DB923171C42FBBB00F3EC39 /* Assets.xcassets */,
				1DB923191C42FBBB00F3EC39 /* Main.storyboard */,
				1DB9231C1C42FBBB00F3EC39 /* Info.plist */,
			);
			path = iBrainFuck;
			sourceTree = "<group>";
		};
/* End PBXGroup section */

/* Begin PBXNativeTarget section */
		1DB9230F1C42FBBB00F3EC39 /* iBrainFuck */ = {
			isa = PBXNativeTarget;
			buildConfigurationList = 1DB9231F1C42FBBB00F3EC39 /* Build configuration list for PBXNativeTarget "iBrainFuck" */;
			buildPhases = (
				1DB9230C1C42FBBB00F3EC39 /* Sources */,
				1DB9230D1C42FBBB00F3EC39 /* Frameworks */,
				1DB9230E1C42FBBB00F3EC39 /* Resources */,
			);
			buildRules = (
			);
			dependencies = (
			);
			name = iBrainFuck;
			productName = iBrainFuck;
			productReference = 1DB923101C42FBBB00F3EC39 /* iBrainFuck.app */;
			productType = "com.apple.product-type.application";
		};
/* End PBXNativeTarget section */

/* Begin PBXProject section */
		1DB923081C42FBBB00F3EC39 /* Project object */ = {
			isa = PBXProject;
			attributes = {
				LastSwiftUpdateCheck = 0720;
				LastUpgradeCheck = 0720;
				ORGANIZATIONNAME = medrupaloscil;
				TargetAttributes = {
					1DB9230F1C42FBBB00F3EC39 = {
						CreatedOnToolsVersion = 7.2;
						DevelopmentTeam = 3SG4F62TJY;
						LastSwiftMigration = 0800;
						ProvisioningStyle = Automatic;
					};
				};
			};
			buildConfigurationList = 1DB9230B1C42FBBB00F3EC39 /* Build configuration list for PBXProject "iBrainFuck" */;
			compatibilityVersion = "Xcode 3.2";
			developmentRegion = English;
			hasScannedForEncodings = 0;
			knownRegions = (
				en,
				Base,
			);
			mainGroup = 1DB923071C42FBBB00F3EC39;
			productRefGroup = 1DB923111C42FBBB00F3EC39 /* Products */;
			projectDirPath = "";
			projectRoot = "";
			targets = (
				1DB9230F1C42FBBB00F3EC39 /* iBrainFuck */,
			);
		};
/* End PBXProject section */

/* Begin PBXResourcesBuildPhase section */
		1DB9230E1C42FBBB00F3EC39 /* Resources */ = {
			isa = PBXResourcesBuildPhase;
			buildActionMask = 2147483647;
			files = (
				1DB923181C42FBBB00F3EC39 /* Assets.xcassets in Resources */,
				1DB9231B1C42FBBB00F3EC39 /* Main.storyboard in Resources */,
			);
			runOnlyForDeploymentPostprocessing = 0;
		};
/* End PBXResourcesBuildPhase section */

/* Begin PBXSourcesBuildPhase section */
		1DB9230C1C42FBBB00F3EC39 /* Sources */ = {
			isa = PBXSourcesBuildPhase;
			buildActionMask = 2147483647;
			files = (
				1DB923161C42FBBB00F3EC39 /* ViewController.swift in Sources */,
				1DB923141C42FBBB00F3EC39 /* AppDelegate.swift in Sources */,
			);
			runOnlyForDeploymentPostprocessing = 0;
		};
/* End PBXSourcesBuildPhase section */

/* Begin PBXVariantGroup section */
		1DB923191C42FBBB00F3EC39 /* Main.storyboard */ = {
			isa = PBXVariantGroup;
			children = (
				1DB9231A1C42FBBB00F3EC39 /* Base */,
			);
			name = Main.storyboard;
			sourceTree = "<group>";
		};
/* End PBXVariantGroup section */

/* Begin XCBuildConfiguration section */
		1DB9231D1C42FBBB00F3EC39 /* Debug */ = {
			isa = XCBuildConfiguration;
			buildSettings = {
				ALWAYS_SEARCH_USER_PATHS = NO;
				CLANG_CXX_LANGUAGE_STANDARD = "gnu++0x";
				CLANG_CXX_LIBRARY = "libc++";
				CLANG_ENABLE_MODULES = YES;
				CLANG_ENABLE_OBJC_ARC = YES;
				CLANG_WARN_BOOL_CONVERSION = YES;
				CLANG_WARN_CONSTANT_CONVERSION = YES;
				CLANG_WARN_DIRECT_OBJC_ISA_USAGE = YES_ERROR;
				CLANG_WARN_EMPTY_BODY = YES;
				CLANG_WARN_ENUM_CONVERSION = YES;
				CLANG_WARN_INT_CONVERSION = YES;
				CLANG_WARN_OBJC_ROOT_CLASS = YES_ERROR;
				CLANG_WARN_UNREACHABLE_CODE = YES;
				CLANG_WARN__DUPLICATE_METHOD_MATCH = YES;
				CODE_SIGN_IDENTITY = "-";
				COPY_PHASE_STRIP = NO;
				DEBUG_INFORMATION_FORMAT = dwarf;
				ENABLE_STRICT_OBJC_MSGSEND = YES;
				ENABLE_TESTABILITY = YES;
				GCC_C_LANGUAGE_STANDARD = gnu99;
				GCC_DYNAMIC_NO_PIC = NO;
				GCC_NO_COMMON_BLOCKS = YES;
				GCC_OPTIMIZATION_LEVEL = 0;
				GCC_PREPROCESSOR_DEFINITIONS = (
					"DEBUG=1",
					"$(inherited)",
				);
				GCC_WARN_64_TO_32_BIT_CONVERSION = YES;
				GCC_WARN_ABOUT_RETURN_TYPE = YES_ERROR;
				GCC_WARN_UNDECLARED_SELECTOR = YES;
				GCC_WARN_UNINITIALIZED_AUTOS = YES_AGGRESSIVE;
				GCC_WARN_UNUSED_FUNCTION = YES;
				GCC_WARN_UNUSED_VARIABLE = YES;
				MACOSX_DEPLOYMENT_TARGET = 10.11;
				MTL_ENABLE_DEBUG_INFO = YES;
				ONLY_ACTIVE_ARCH = YES;
				SDKROOT = macosx;
				SWIFT_OPTIMIZATION_LEVEL = "-Onone";
			};
			name = Debug;
		};
		1DB9231E1C42FBBB00F3EC39 /* Release */ = {
			isa = XCBuildConfiguration;
			buildSettings = {
				ALWAYS_SEARCH_USER_PATHS = NO;
				CLANG_CXX_LANGUAGE_STANDARD = "gnu++0x";
				CLANG_CXX_LIBRARY = "libc++";
				CLANG_ENABLE_MODULES = YES;
				CLANG_ENABLE_OBJC_ARC = YES;
				CLANG_WARN_BOOL_CONVERSION = YES;
				CLANG_WARN_CONSTANT_CONVERSION = YES;
				CLANG_WARN_DIRECT_OBJC_ISA_USAGE = YES_ERROR;
				CLANG_WARN_EMPTY_BODY = YES;
				CLANG_WARN_ENUM_CONVERSION = YES;
				CLANG_WARN_INT_CONVERSION = YES;
				CLANG_WARN_OBJC_ROOT_CLASS = YES_ERROR;
				CLANG_WARN_UNREACHABLE_CODE = YES;
				CLANG_WARN__DUPLICATE_METHOD_MATCH = YES;
				CODE_SIGN_IDENTITY = "-";
				COPY_PHASE_STRIP = NO;
				DEBUG_INFORMATION_FORMAT = "dwarf-with-dsym";
				ENABLE_NS_ASSERTIONS = NO;
				ENABLE_STRICT_OBJC_MSGSEND = YES;
				GCC_C_LANGUAGE_STANDARD = gnu99;
				GCC_NO_COMMON_BLOCKS = YES;
				GCC_WARN_64_TO_32_BIT_CONVERSION = YES;
				GCC_WARN_ABOUT_RETURN_TYPE = YES_ERROR;
				GCC_WARN_UNDECLARED_SELECTOR = YES;
				GCC_WARN_UNINITIALIZED_AUTOS = YES_AGGRESSIVE;
				GCC_WARN_UNUSED_FUNCTION = YES;
				GCC_WARN_UNUSED_VARIABLE = YES;
				MACOSX_DEPLOYMENT_TARGET = 10.11;
				MTL_ENABLE_DEBUG_INFO = NO;
				SDKROOT = macosx;
			};
			name = Release;
		};
		1DB923201C42FBBB00F3EC39 /* Debug */ = {
			isa = XCBuildConfiguration;
			buildSettings = {
				ASSETCATALOG_COMPILER_APPICON_NAME = AppIcon;
				CODE_SIGN_IDENTITY = "Mac Developer";
				COMBINE_HIDPI_IMAGES = YES;
				DEVELOPMENT_TEAM = 3SG4F62TJY;
				INFOPLIST_FILE = iBrainFuck/Info.plist;
				LD_RUNPATH_SEARCH_PATHS = "$(inherited) @executable_path/../Frameworks";
				MACOSX_DEPLOYMENT_TARGET = 10.11;
				PRODUCT_BUNDLE_IDENTIFIER = medrupaloscil.iBrainFuck;
				PRODUCT_NAME = "$(TARGET_NAME)";
				SWIFT_VERSION = 3.0;
			};
			name = Debug;
		};
		1DB923211C42FBBB00F3EC39 /* Release */ = {
			isa = XCBuildConfiguration;
			buildSettings = {
				ASSETCATALOG_COMPILER_APPICON_NAME = AppIcon;
				CODE_SIGN_IDENTITY = "Mac Developer";
				COMBINE_HIDPI_IMAGES = YES;
				DEVELOPMENT_TEAM = 3SG4F62TJY;
				INFOPLIST_FILE = iBrainFuck/Info.plist;
				LD_RUNPATH_SEARCH_PATHS = "$(inherited) @executable_path/../Frameworks";
				MACOSX_DEPLOYMENT_TARGET = 10.11;
				PRODUCT_BUNDLE_IDENTIFIER = medrupaloscil.iBrainFuck;
				PRODUCT_NAME = "$(TARGET_NAME)";
				SWIFT_VERSION = 3.0;
			};
			name = Release;
		};
/* End XCBuildConfiguration section */

/* Begin XCConfigurationList section */
		1DB9230B1C42FBBB00F3EC39 /* Build configuration list for PBXProject "iBrainFuck" */ = {
			isa = XCConfigurationList;
			buildConfigurations = (
				1DB9231D1C42FBBB00F3EC39 /* Debug */,
				1DB9231E1C42FBBB00F3EC39 /* Release */,
			);
			defaultConfigurationIsVisible = 0;
			defaultConfigurationName = Release;
		};
		1DB9231F1C42FBBB00F3EC39 /* Build configuration list for PBXNativeTarget "iBrainFuck" */ = {
			isa = XCConfigurationList;
			buildConfigurations = (
				1DB923201C42FBBB00F3EC39 /* Debug */,
				1DB923211C42FBBB00F3EC39 /* Release */,
			);
			defaultConfigurationIsVisible = 0;
			defaultConfigurationName = Release;
		};
/* End XCConfigurationList section */
	};
	rootObject = 1DB923081C42FBBB00F3EC39 /* Project object */;
}
